{
  "name": "dashphrase-cli",
  "version": "1.0.0",
  "lockfileVersion": 3,
  "requires": true,
  "packages": {
    "": {
      "name": "dashphrase-cli",
      "version": "1.0.0",
      "license": "SEE LICENSE IN LICENSE",
      "dependencies": {
        "dashphrase": "^1.3.5"
      },
      "bin": {
        "dashphrase": "bin/dashphrase.js"
      }
    },
    "node_modules/dashphrase": {
      "version": "1.3.5",
      "resolved": "https://registry.npmjs.org/dashphrase/-/dashphrase-1.3.5.tgz",
      "integrity": "sha512-3gYQcYEhTIZhYAgxyNBz78AnftXxtZfK2MuSEScb/wo0dh+3e2dC8uSwqMHZqSdRFmmBFlSELP1AjT3Iuloj7g=="
    }
  }
}
