{
  "name": "dashphrase-cli",
  "version": "1.0.2",
  "lockfileVersion": 3,
  "requires": true,
  "packages": {
    "": {
      "name": "dashphrase-cli",
      "version": "1.0.2",
      "license": "SEE LICENSE IN LICENSE",
      "dependencies": {
        "dashphrase": "^1.3.8"
      },
      "bin": {
        "dashphrase": "bin/dashphrase.js"
      }
    },
    "node_modules/dashphrase": {
      "version": "1.3.8",
      "resolved": "https://registry.npmjs.org/dashphrase/-/dashphrase-1.3.8.tgz",
      "integrity": "sha512-PBXY5bxthD6GRAPGIkmGRJzxLAiKMNkRmEIQQMWrbPvE3aDOB/q4k9Ga76nQZmMGSSJD2P7rz1wUKzh55xgMUw=="
    }
  }
}
