{
  "name": "dashphrase-cli",
  "version": "1.0.1",
  "lockfileVersion": 3,
  "requires": true,
  "packages": {
    "": {
      "name": "dashphrase-cli",
      "version": "1.0.1",
      "license": "SEE LICENSE IN LICENSE",
      "dependencies": {
        "dashphrase": "^1.3.7"
      },
      "bin": {
        "dashphrase": "bin/dashphrase.js"
      }
    },
    "node_modules/dashphrase": {
      "version": "1.3.7",
      "resolved": "https://registry.npmjs.org/dashphrase/-/dashphrase-1.3.7.tgz",
      "integrity": "sha512-BIOKOmZqGUcYj14KM5ApQddobs2MTcJPCDFAsH2tAyikpVWFEz6+2cAzmcvzLDG2lu2r2C4CBFoZ6F9YmmNJIQ=="
    }
  }
}
